github.com/bep/gitmap v1.3.0 h1:SF10pGvxXivWbuPL4yZ1cFLgr6KAttxZf7GCoWYMfPY=
github.com/bep/gitmap v1.3.0/go.mod h1:n+3W1f/rot2hynsqEGxGMErPRgT41n9CkGuzPvz9cIw=
github.com/bep/gitmap v1.6.0 h1:sDuQMm9HoTL0LtlrfxjbjgAg2wHQd4nkMup2FInYzhA=
github.com/bep/gitmap v1.6.0/go.mod h1:n+3W1f/rot2hynsqEGxGMErPRgT41n9CkGuzPvz9cIw=
github.com/client9/tagfunctions v0.0.0-20240608164824-b829631f050b h1:FYC9yqtAJcsgFlb2PvI/YVFxynq8jwJ8/7HllCOiFyQ=
github.com/client9/tagfunctions v0.0.0-20240608164824-b829631f050b/go.mod h1:u6lmNENEdq6a/l60ogwor75DS1ivXLqpmg8ovmT0Zvs=
github.com/client9/tagfunctions v0.0.0-20241101033415-eecc69222948 h1:1ISFRLdZSG+N4X7SGHJ1AJuEvFCCiU8tcHmbX94Lo1A=
github.com/client9/tagfunctions v0.0.0-20241101033415-eecc69222948/go.mod h1:u6lmNENEdq6a/l60ogwor75DS1ivXLqpmg8ovmT0Zvs=
github.com/client9/tagfunctions v0.0.0-20241101040520-6d24cf487d11 h1:uAJ5qQkAPUig+yNntSkCM21w6wiD+BpixPeZIKsnrBk=
github.com/client9/tagfunctions v0.0.0-20241101040520-6d24cf487d11/go.mod h1:u6lmNENEdq6a/l60ogwor75DS1ivXLqpmg8ovmT0Zvs=
github.com/client9/tagfunctions v0.0.0-20241101043239-861527e9c97d h1:bjt5ctC6/4es44I1Ug0MPBCQARymDpPfvgi4LEdX0Sg=
github.com/client9/tagfunctions v0.0.0-20241101043239-861527e9c97d/go.mod h1:u6lmNENEdq6a/l60ogwor75DS1ivXLqpmg8ovmT0Zvs=
golang.org/x/exp v0.0.0-20240506185415-9bf2ced13842 h1:vr/HnozRka3pE4EsMEg1lgkXJkTFJCVUX+S/ZT6wYzM=
golang.org/x/exp v0.0.0-20240506185415-9bf2ced13842/go.mod h1:XtvwrStGgqGPLc4cjQfWqZHG1YFdYs6swckp8vpsjnc=
golang.org/x/net v0.25.0 h1:d/OCCoBEUq33pjydKrGQhw7IlUPI2Oylr+8qLx49kac=
golang.org/x/net v0.25.0/go.mod h1:JkAGAh7GEvH74S6FOH42FLoXpXbE/aqXSrIQjXgsiwM=
golang.org/x/net v0.30.0 h1:AcW1SDZMkb8IpzCdQUaIq2sP4sZ4zw+55h6ynffypl4=
golang.org/x/net v0.30.0/go.mod h1:2wGyMJ5iFasEhkwi13ChkO/t1ECNC4X4eBKkVFyYFlU=
golang.org/x/text v0.15.0 h1:h1V/4gjBv8v9cjcR6+AR5+/cIYK5N/WAgiv4xlsEtAk=
golang.org/x/text v0.15.0/go.mod h1:18ZOQIKpY8NJVqYksKHtTdi31H5itFRjB5/qKTNYzSU=
golang.org/x/text v0.19.0 h1:kTxAhCbGbxhK0IwgSKiMO5awPoDQ0RpfiVYBfK860YM=
golang.org/x/text v0.19.0/go.mod h1:BuEKDfySbSR4drPmRPG/7iBdf8hvFMuRexcpahXilzY=
