github.com/bep/gitmap v1.3.0 h1:SF10pGvxXivWbuPL4yZ1cFLgr6KAttxZf7GCoWYMfPY=
github.com/bep/gitmap v1.3.0/go.mod h1:n+3W1f/rot2hynsqEGxGMErPRgT41n9CkGuzPvz9cIw=
github.com/client9/tagfunctions v0.0.0-20240527193429-3df68838a4aa h1:gE8amHk/5fQqf7F7tu/iSKBYw/04uwk5xJ6uVwzRJ48=
github.com/client9/tagfunctions v0.0.0-20240527193429-3df68838a4aa/go.mod h1:u6lmNENEdq6a/l60ogwor75DS1ivXLqpmg8ovmT0Zvs=
golang.org/x/exp v0.0.0-20240506185415-9bf2ced13842 h1:vr/HnozRka3pE4EsMEg1lgkXJkTFJCVUX+S/ZT6wYzM=
golang.org/x/exp v0.0.0-20240506185415-9bf2ced13842/go.mod h1:XtvwrStGgqGPLc4cjQfWqZHG1YFdYs6swckp8vpsjnc=
golang.org/x/net v0.25.0 h1:d/OCCoBEUq33pjydKrGQhw7IlUPI2Oylr+8qLx49kac=
golang.org/x/net v0.25.0/go.mod h1:JkAGAh7GEvH74S6FOH42FLoXpXbE/aqXSrIQjXgsiwM=
golang.org/x/text v0.15.0 h1:h1V/4gjBv8v9cjcR6+AR5+/cIYK5N/WAgiv4xlsEtAk=
golang.org/x/text v0.15.0/go.mod h1:18ZOQIKpY8NJVqYksKHtTdi31H5itFRjB5/qKTNYzSU=
